{
  "version": 4,
  "terraform_version": "1.5.7",
  "serial": 33,
  "lineage": "2a0dc731-d73c-c13d-09ec-e96b2f81d583",
  "outputs": {},
  "resources": [
    {
      "mode": "managed",
      "type": "oci_core_default_security_list",
      "name": "FoggyKitchenDefaultSecurityList",
      "provider": "provider[\"registry.terraform.io/oracle/oci\"]",
      "instances": [
        {
          "index_key": 0,
          "schema_version": 0,
          "attributes": {
            "compartment_id": "ocid1.compartment.oc1..aaaaaaaaiyy4srmrb32v5rlniicwmpxsytywiucgbcp5ext6e4ahjfuloewa",
            "defined_tags": {},
            "display_name": "Default Security List for FoggyKitchenMDSVCN",
            "egress_security_rules": [
              {
                "description": "",
                "destination": "0.0.0.0/0",
                "destination_type": "CIDR_BLOCK",
                "icmp_options": [],
                "protocol": "all",
                "stateless": false,
                "tcp_options": [],
                "udp_options": []
              }
            ],
            "freeform_tags": {},
            "id": "ocid1.securitylist.oc1.eu-frankfurt-1.aaaaaaaaxp342t7btrej5gjg5dapagyijhzrqgk6r2tic2s7gtb7zzsnwuma",
            "ingress_security_rules": [],
            "manage_default_resource_id": "ocid1.securitylist.oc1.eu-frankfurt-1.aaaaaaaaxp342t7btrej5gjg5dapagyijhzrqgk6r2tic2s7gtb7zzsnwuma",
            "state": "AVAILABLE",
            "time_created": "2024-08-23 09:24:34.006 +0000 UTC",
            "timeouts": null
          },
          "sensitive_attributes": [],
          "private": "eyJlMmJmYjczMC1lY2FhLTExZTYtOGY4OC0zNDM2M2JjN2M0YzAiOnsiY3JlYXRlIjoxMjAwMDAwMDAwMDAwLCJkZWxldGUiOjEyMDAwMDAwMDAwMDAsInVwZGF0ZSI6MTIwMDAwMDAwMDAwMH19",
          "dependencies": [
            "oci_core_vcn.FoggyKitchenVCN"
          ]
        }
      ]
    },
    {
      "mode": "managed",
      "type": "oci_core_nat_gateway",
      "name": "FoggyKitchenNATGateway",
      "provider": "provider[\"registry.terraform.io/oracle/oci\"]",
      "instances": [
        {
          "index_key": 0,
          "schema_version": 0,
          "attributes": {
            "block_traffic": false,
            "compartment_id": "ocid1.compartment.oc1..aaaaaaaaiyy4srmrb32v5rlniicwmpxsytywiucgbcp5ext6e4ahjfuloewa",
            "defined_tags": {},
            "display_name": "FoggyKitchenNATGateway",
            "freeform_tags": {},
            "id": "ocid1.natgateway.oc1.eu-frankfurt-1.aaaaaaaax6psjxuwgxfor5g2vi57wr5y6b5lvrujjpwjphjqig7atikbmuva",
            "nat_ip": "138.3.240.178",
            "public_ip_id": "ocid1.publicip.oc1.eu-frankfurt-1.aaaaaaaaqkqecjp4ac4r577vnhfvxnpclnmbkfd45xv5pafjtkpc7db6b3hq",
            "route_table_id": null,
            "state": "AVAILABLE",
            "time_created": "2024-08-23 09:24:34.862 +0000 UTC",
            "timeouts": null,
            "vcn_id": "ocid1.vcn.oc1.eu-frankfurt-1.amaaaaaadngk4giaajspwluvfsxwh3insobam62wodr4ad76uojbxfr44qda"
          },
          "sensitive_attributes": [],
          "private": "eyJlMmJmYjczMC1lY2FhLTExZTYtOGY4OC0zNDM2M2JjN2M0YzAiOnsiY3JlYXRlIjoxMjAwMDAwMDAwMDAwLCJkZWxldGUiOjEyMDAwMDAwMDAwMDAsInVwZGF0ZSI6MTIwMDAwMDAwMDAwMH19",
          "dependencies": [
            "oci_core_vcn.FoggyKitchenVCN"
          ]
        }
      ]
    },
    {
      "mode": "managed",
      "type": "oci_core_route_table",
      "name": "FoggyKitchenPrivateRouteTable",
      "provider": "provider[\"registry.terraform.io/oracle/oci\"]",
      "instances": [
        {
          "index_key": 0,
          "schema_version": 0,
          "attributes": {
            "compartment_id": "ocid1.compartment.oc1..aaaaaaaaiyy4srmrb32v5rlniicwmpxsytywiucgbcp5ext6e4ahjfuloewa",
            "defined_tags": {},
            "display_name": "FoggyKitchenPrivateRouteTable",
            "freeform_tags": {},
            "id": "ocid1.routetable.oc1.eu-frankfurt-1.aaaaaaaarx77n2ob6sxbodnncuglwwghtf42rqziexeawhrs4sn7oiclm2ka",
            "route_rules": [
              {
                "cidr_block": "",
                "description": "",
                "destination": "0.0.0.0/0",
                "destination_type": "CIDR_BLOCK",
                "network_entity_id": "ocid1.natgateway.oc1.eu-frankfurt-1.aaaaaaaax6psjxuwgxfor5g2vi57wr5y6b5lvrujjpwjphjqig7atikbmuva",
                "route_type": ""
              }
            ],
            "state": "AVAILABLE",
            "time_created": "2024-08-23 09:24:35.815 +0000 UTC",
            "timeouts": null,
            "vcn_id": "ocid1.vcn.oc1.eu-frankfurt-1.amaaaaaadngk4giaajspwluvfsxwh3insobam62wodr4ad76uojbxfr44qda"
          },
          "sensitive_attributes": [],
          "private": "eyJlMmJmYjczMC1lY2FhLTExZTYtOGY4OC0zNDM2M2JjN2M0YzAiOnsiY3JlYXRlIjoxMjAwMDAwMDAwMDAwLCJkZWxldGUiOjEyMDAwMDAwMDAwMDAsInVwZGF0ZSI6MTIwMDAwMDAwMDAwMH19",
          "dependencies": [
            "oci_core_nat_gateway.FoggyKitchenNATGateway",
            "oci_core_vcn.FoggyKitchenVCN"
          ]
        }
      ]
    },
    {
      "mode": "managed",
      "type": "oci_core_route_table_attachment",
      "name": "FoggyKitchenPrivateSubnetRouteTableAttachment",
      "provider": "provider[\"registry.terraform.io/oracle/oci\"]",
      "instances": [
        {
          "index_key": 0,
          "schema_version": 0,
          "attributes": {
            "id": "ocid1.subnet.oc1.eu-frankfurt-1.aaaaaaaavi3cg2llcoy7h5brhw6jdjiepqzchfsd5btf2kfjsldvbxzm7oka/ocid1.routetable.oc1.eu-frankfurt-1.aaaaaaaarx77n2ob6sxbodnncuglwwghtf42rqziexeawhrs4sn7oiclm2ka",
            "route_table_id": "ocid1.routetable.oc1.eu-frankfurt-1.aaaaaaaarx77n2ob6sxbodnncuglwwghtf42rqziexeawhrs4sn7oiclm2ka",
            "subnet_id": "ocid1.subnet.oc1.eu-frankfurt-1.aaaaaaaavi3cg2llcoy7h5brhw6jdjiepqzchfsd5btf2kfjsldvbxzm7oka",
            "timeouts": null
          },
          "sensitive_attributes": [],
          "private": "eyJlMmJmYjczMC1lY2FhLTExZTYtOGY4OC0zNDM2M2JjN2M0YzAiOnsiY3JlYXRlIjoxMjAwMDAwMDAwMDAwLCJkZWxldGUiOjEyMDAwMDAwMDAwMDAsInVwZGF0ZSI6MTIwMDAwMDAwMDAwMH19",
          "dependencies": [
            "oci_core_nat_gateway.FoggyKitchenNATGateway",
            "oci_core_route_table.FoggyKitchenPrivateRouteTable",
            "oci_core_security_list.FoggyKitchenMDSSecurityList",
            "oci_core_subnet.FoggyKitchenPrivateSubnet",
            "oci_core_vcn.FoggyKitchenVCN"
          ]
        }
      ]
    },
    {
      "mode": "managed",
      "type": "oci_core_security_list",
      "name": "FoggyKitchenMDSSecurityList",
      "provider": "provider[\"registry.terraform.io/oracle/oci\"]",
      "instances": [
        {
          "index_key": 0,
          "schema_version": 0,
          "attributes": {
            "compartment_id": "ocid1.compartment.oc1..aaaaaaaaiyy4srmrb32v5rlniicwmpxsytywiucgbcp5ext6e4ahjfuloewa",
            "defined_tags": {},
            "display_name": "FoggyKitchenMDSSecurityList",
            "egress_security_rules": [
              {
                "description": "",
                "destination": "0.0.0.0/0",
                "destination_type": "CIDR_BLOCK",
                "icmp_options": [],
                "protocol": "all",
                "stateless": false,
                "tcp_options": [],
                "udp_options": []
              }
            ],
            "freeform_tags": {},
            "id": "ocid1.securitylist.oc1.eu-frankfurt-1.aaaaaaaa3te4b5thawkdqcrfa4nld7rm7ezaqbl64xkywwtwo23cytrp75la",
            "ingress_security_rules": [
              {
                "description": "",
                "icmp_options": [],
                "protocol": "6",
                "source": "0.0.0.0/0",
                "source_type": "CIDR_BLOCK",
                "stateless": false,
                "tcp_options": [
                  {
                    "max": 33060,
                    "min": 33060,
                    "source_port_range": []
                  }
                ],
                "udp_options": []
              },
              {
                "description": "",
                "icmp_options": [],
                "protocol": "6",
                "source": "0.0.0.0/0",
                "source_type": "CIDR_BLOCK",
                "stateless": false,
                "tcp_options": [
                  {
                    "max": 3306,
                    "min": 3306,
                    "source_port_range": []
                  }
                ],
                "udp_options": []
              }
            ],
            "state": "AVAILABLE",
            "time_created": "2024-08-23 09:24:34.641 +0000 UTC",
            "timeouts": null,
            "vcn_id": "ocid1.vcn.oc1.eu-frankfurt-1.amaaaaaadngk4giaajspwluvfsxwh3insobam62wodr4ad76uojbxfr44qda"
          },
          "sensitive_attributes": [],
          "private": "eyJlMmJmYjczMC1lY2FhLTExZTYtOGY4OC0zNDM2M2JjN2M0YzAiOnsiY3JlYXRlIjoxMjAwMDAwMDAwMDAwLCJkZWxldGUiOjEyMDAwMDAwMDAwMDAsInVwZGF0ZSI6MTIwMDAwMDAwMDAwMH19",
          "dependencies": [
            "oci_core_vcn.FoggyKitchenVCN"
          ]
        }
      ]
    },
    {
      "mode": "managed",
      "type": "oci_core_subnet",
      "name": "FoggyKitchenPrivateSubnet",
      "provider": "provider[\"registry.terraform.io/oracle/oci\"]",
      "instances": [
        {
          "index_key": 0,
          "schema_version": 0,
          "attributes": {
            "availability_domain": null,
            "cidr_block": "10.0.1.0/24",
            "compartment_id": "ocid1.compartment.oc1..aaaaaaaaiyy4srmrb32v5rlniicwmpxsytywiucgbcp5ext6e4ahjfuloewa",
            "defined_tags": {},
            "dhcp_options_id": "ocid1.dhcpoptions.oc1.eu-frankfurt-1.aaaaaaaa7x4tax4zebuickftpz7v5vwecn25cgygvchjtotjjl7hlq5ymz6a",
            "display_name": "FoggyKitchenMDSSubnet",
            "dns_label": null,
            "freeform_tags": {},
            "id": "ocid1.subnet.oc1.eu-frankfurt-1.aaaaaaaavi3cg2llcoy7h5brhw6jdjiepqzchfsd5btf2kfjsldvbxzm7oka",
            "ipv6cidr_block": null,
            "ipv6cidr_blocks": [],
            "ipv6virtual_router_ip": null,
            "prohibit_internet_ingress": true,
            "prohibit_public_ip_on_vnic": true,
            "route_table_id": "ocid1.routetable.oc1.eu-frankfurt-1.aaaaaaaarx77n2ob6sxbodnncuglwwghtf42rqziexeawhrs4sn7oiclm2ka",
            "security_list_ids": [
              "ocid1.securitylist.oc1.eu-frankfurt-1.aaaaaaaa3te4b5thawkdqcrfa4nld7rm7ezaqbl64xkywwtwo23cytrp75la"
            ],
            "state": "UPDATING",
            "subnet_domain_name": null,
            "time_created": "2024-08-23 09:24:34.95 +0000 UTC",
            "timeouts": null,
            "vcn_id": "ocid1.vcn.oc1.eu-frankfurt-1.amaaaaaadngk4giaajspwluvfsxwh3insobam62wodr4ad76uojbxfr44qda",
            "virtual_router_ip": "10.0.1.1",
            "virtual_router_mac": "00:00:17:0E:7A:EE"
          },
          "sensitive_attributes": [],
          "private": "eyJlMmJmYjczMC1lY2FhLTExZTYtOGY4OC0zNDM2M2JjN2M0YzAiOnsiY3JlYXRlIjoxMjAwMDAwMDAwMDAwLCJkZWxldGUiOjEyMDAwMDAwMDAwMDAsInVwZGF0ZSI6MTIwMDAwMDAwMDAwMH19",
          "dependencies": [
            "oci_core_security_list.FoggyKitchenMDSSecurityList",
            "oci_core_vcn.FoggyKitchenVCN"
          ]
        }
      ]
    },
    {
      "mode": "managed",
      "type": "oci_core_vcn",
      "name": "FoggyKitchenVCN",
      "provider": "provider[\"registry.terraform.io/oracle/oci\"]",
      "instances": [
        {
          "index_key": 0,
          "schema_version": 0,
          "attributes": {
            "byoipv6cidr_blocks": [],
            "byoipv6cidr_details": [],
            "cidr_block": "10.0.0.0/16",
            "cidr_blocks": [
              "10.0.0.0/16"
            ],
            "compartment_id": "ocid1.compartment.oc1..aaaaaaaaiyy4srmrb32v5rlniicwmpxsytywiucgbcp5ext6e4ahjfuloewa",
            "default_dhcp_options_id": "ocid1.dhcpoptions.oc1.eu-frankfurt-1.aaaaaaaa7x4tax4zebuickftpz7v5vwecn25cgygvchjtotjjl7hlq5ymz6a",
            "default_route_table_id": "ocid1.routetable.oc1.eu-frankfurt-1.aaaaaaaalbvha4prtwztxvwnnr3jhydq4hvvzrwiyekqxp2skqmso2q34jiq",
            "default_security_list_id": "ocid1.securitylist.oc1.eu-frankfurt-1.aaaaaaaaxp342t7btrej5gjg5dapagyijhzrqgk6r2tic2s7gtb7zzsnwuma",
            "defined_tags": {},
            "display_name": "FoggyKitchenMDSVCN",
            "dns_label": "mdsvcn",
            "freeform_tags": {},
            "id": "ocid1.vcn.oc1.eu-frankfurt-1.amaaaaaadngk4giaajspwluvfsxwh3insobam62wodr4ad76uojbxfr44qda",
            "ipv6cidr_blocks": [],
            "ipv6private_cidr_blocks": [],
            "is_ipv6enabled": false,
            "is_oracle_gua_allocation_enabled": null,
            "state": "AVAILABLE",
            "time_created": "2024-08-23 09:24:34.006 +0000 UTC",
            "timeouts": null,
            "vcn_domain_name": "mdsvcn.oraclevcn.com"
          },
          "sensitive_attributes": [],
          "private": "eyJlMmJmYjczMC1lY2FhLTExZTYtOGY4OC0zNDM2M2JjN2M0YzAiOnsiY3JlYXRlIjoxMjAwMDAwMDAwMDAwLCJkZWxldGUiOjEyMDAwMDAwMDAwMDAsInVwZGF0ZSI6MTIwMDAwMDAwMDAwMH19"
        }
      ]
    },
    {
      "mode": "managed",
      "type": "oci_mysql_mysql_db_system",
      "name": "FoggyKitchenMDS",
      "provider": "provider[\"registry.terraform.io/oracle/oci\"]",
      "instances": [
        {
          "schema_version": 0,
          "attributes": {
            "admin_password": "BEstrO0ng_#11",
            "admin_username": "mysql",
            "availability_domain": "unja:EU-FRANKFURT-1-AD-3",
            "backup_policy": [
              {
                "defined_tags": {},
                "freeform_tags": {},
                "is_enabled": true,
                "pitr_policy": [
                  {
                    "is_enabled": false
                  }
                ],
                "retention_in_days": 1,
                "window_start_time": "17:35"
              }
            ],
            "channels": [],
            "compartment_id": "ocid1.compartment.oc1..aaaaaaaaiyy4srmrb32v5rlniicwmpxsytywiucgbcp5ext6e4ahjfuloewa",
            "configuration_id": "ocid1.mysqlconfiguration.oc1..aaaaaaaa5a33g5cxy33cwd2egvmmyhnx5lsf5frueox3mgrnfqabdqdwio7a",
            "crash_recovery": "ENABLED",
            "current_placement": [
              {
                "availability_domain": "unja:EU-FRANKFURT-1-AD-3",
                "fault_domain": "FAULT-DOMAIN-3"
              }
            ],
            "data_storage": [
              {
                "allocated_storage_size_in_gbs": 50,
                "data_storage_size_in_gb": 50,
                "data_storage_size_limit_in_gbs": 32768,
                "is_auto_expand_storage_enabled": false,
                "max_storage_size_in_gbs": 0
              }
            ],
            "data_storage_size_in_gb": 50,
            "database_management": "DISABLED",
            "defined_tags": {},
            "deletion_policy": [
              {
                "automatic_backup_retention": "RETAIN",
                "final_backup": "SKIP_FINAL_BACKUP",
                "is_delete_protected": false
              }
            ],
            "description": "FoggyKitchen MDS/Heatwave instance",
            "display_name": "FoggyKitchen MDS/Heatwave",
            "endpoints": [
              {
                "hostname": "fkmds",
                "ip_address": "10.0.1.215",
                "modes": [
                  "READ",
                  "WRITE"
                ],
                "port": 3306,
                "port_x": 33060,
                "resource_id": "ocid1.mysqldbsystem.oc1.eu-frankfurt-1.aaaaaaaagfoapx7kvlsjkgmzzsutqfmydcj33a7izmhyna35kashzoryt5gq",
                "resource_type": "DBSYSTEM",
                "status": "ACTIVE",
                "status_details": ""
              }
            ],
            "fault_domain": "FAULT-DOMAIN-3",
            "freeform_tags": {},
            "heat_wave_cluster": [],
            "hostname_label": "fkmds",
            "id": "ocid1.mysqldbsystem.oc1.eu-frankfurt-1.aaaaaaaagfoapx7kvlsjkgmzzsutqfmydcj33a7izmhyna35kashzoryt5gq",
            "ip_address": "10.0.1.215",
            "is_heat_wave_cluster_attached": false,
            "is_highly_available": false,
            "lifecycle_details": "",
            "maintenance": [
              {
                "window_start_time": "MONDAY 23:59"
              }
            ],
            "mysql_version": "9.0.1",
            "point_in_time_recovery_details": [],
            "port": 3306,
            "port_x": 33060,
            "secure_connections": [
              {
                "certificate_generation_type": "SYSTEM",
                "certificate_id": ""
              }
            ],
            "shape_name": "MySQL.Free",
            "shutdown_type": null,
            "source": [
              {
                "backup_id": "",
                "db_system_id": "",
                "recovery_point": "",
                "source_type": "NONE",
                "source_url": ""
              }
            ],
            "state": "ACTIVE",
            "subnet_id": "ocid1.subnet.oc1.eu-frankfurt-1.aaaaaaaavi3cg2llcoy7h5brhw6jdjiepqzchfsd5btf2kfjsldvbxzm7oka",
            "time_created": "2024-08-23 09:24:37.871 +0000 UTC",
            "time_updated": "2024-08-23 09:38:24.414 +0000 UTC",
            "timeouts": null
          },
          "sensitive_attributes": [],
          "private": "eyJlMmJmYjczMC1lY2FhLTExZTYtOGY4OC0zNDM2M2JjN2M0YzAiOnsiY3JlYXRlIjozNjAwMDAwMDAwMDAwLCJkZWxldGUiOjM2MDAwMDAwMDAwMDAsInVwZGF0ZSI6MzYwMDAwMDAwMDAwMH19",
          "dependencies": [
            "oci_core_security_list.FoggyKitchenMDSSecurityList",
            "oci_core_subnet.FoggyKitchenPrivateSubnet",
            "oci_core_subnet.FoggyKitchenPublicSubnet",
            "oci_core_vcn.FoggyKitchenVCN"
          ]
        }
      ]
    }
  ],
  "check_results": null
}
