{
  "version": 4,
  "terraform_version": "1.5.7",
  "serial": 146,
  "lineage": "08bd779b-c430-62e9-e7d5-dc4976b8155c",
  "outputs": {},
  "resources": [
    {
      "mode": "managed",
      "type": "oci_core_security_list",
      "name": "FoggyKitchenMDSSecurityList",
      "provider": "provider[\"registry.terraform.io/oracle/oci\"]",
      "instances": [
        {
          "schema_version": 0,
          "attributes": {
            "compartment_id": "ocid1.compartment.oc1..aaaaaaaaiyy4srmrb32v5rlniicwmpxsytywiucgbcp5ext6e4ahjfuloewa",
            "defined_tags": {},
            "display_name": "FoggyKitchenMDSSecurityList",
            "egress_security_rules": [
              {
                "description": "",
                "destination": "0.0.0.0/0",
                "destination_type": "CIDR_BLOCK",
                "icmp_options": [],
                "protocol": "all",
                "stateless": false,
                "tcp_options": [],
                "udp_options": []
              }
            ],
            "freeform_tags": {},
            "id": "ocid1.securitylist.oc1.eu-frankfurt-1.aaaaaaaatobxxi6ajerfg2ek2kvx5gdpvzmug4xrccbr4fj4uvfwhvdfjyna",
            "ingress_security_rules": [
              {
                "description": "",
                "icmp_options": [],
                "protocol": "6",
                "source": "0.0.0.0/0",
                "source_type": "CIDR_BLOCK",
                "stateless": false,
                "tcp_options": [
                  {
                    "max": 33060,
                    "min": 33060,
                    "source_port_range": []
                  }
                ],
                "udp_options": []
              },
              {
                "description": "",
                "icmp_options": [],
                "protocol": "6",
                "source": "0.0.0.0/0",
                "source_type": "CIDR_BLOCK",
                "stateless": false,
                "tcp_options": [
                  {
                    "max": 3306,
                    "min": 3306,
                    "source_port_range": []
                  }
                ],
                "udp_options": []
              }
            ],
            "state": "AVAILABLE",
            "time_created": "2024-08-28 10:48:42.86 +0000 UTC",
            "timeouts": null,
            "vcn_id": "ocid1.vcn.oc1.eu-frankfurt-1.amaaaaaadngk4giarlmwse6uityoed2onxktc4odb2uqchv7ojhlbd6xgh3q"
          },
          "sensitive_attributes": [],
          "private": "eyJlMmJmYjczMC1lY2FhLTExZTYtOGY4OC0zNDM2M2JjN2M0YzAiOnsiY3JlYXRlIjoxMjAwMDAwMDAwMDAwLCJkZWxldGUiOjEyMDAwMDAwMDAwMDAsInVwZGF0ZSI6MTIwMDAwMDAwMDAwMH19",
          "dependencies": [
            "oci_core_vcn.FoggyKitchenVCN"
          ]
        }
      ]
    },
    {
      "mode": "managed",
      "type": "oci_core_subnet",
      "name": "FoggyKitchenPrivateSubnet",
      "provider": "provider[\"registry.terraform.io/oracle/oci\"]",
      "instances": [
        {
          "schema_version": 0,
          "attributes": {
            "availability_domain": null,
            "cidr_block": "10.0.2.0/24",
            "compartment_id": "ocid1.compartment.oc1..aaaaaaaaiyy4srmrb32v5rlniicwmpxsytywiucgbcp5ext6e4ahjfuloewa",
            "defined_tags": {},
            "dhcp_options_id": "ocid1.dhcpoptions.oc1.eu-frankfurt-1.aaaaaaaavvkmhoau7caztyg4gml3g33uwftofkbvsr2xi4tbwvhaxl5xlgoq",
            "display_name": "FoggyKitchenPrivateSubnet",
            "dns_label": "mdssub",
            "freeform_tags": {},
            "id": "ocid1.subnet.oc1.eu-frankfurt-1.aaaaaaaaoub6qmjxtlofvd65ffz4prrzg3mgd756tahu5azaluw5l4orrniq",
            "ipv6cidr_block": null,
            "ipv6cidr_blocks": [],
            "ipv6virtual_router_ip": null,
            "prohibit_internet_ingress": true,
            "prohibit_public_ip_on_vnic": true,
            "route_table_id": "ocid1.routetable.oc1.eu-frankfurt-1.aaaaaaaajoze7siuidahynoak2sh6su3jqzpt4v77z7mggdhgkz6juf5l6da",
            "security_list_ids": [
              "ocid1.securitylist.oc1.eu-frankfurt-1.aaaaaaaatobxxi6ajerfg2ek2kvx5gdpvzmug4xrccbr4fj4uvfwhvdfjyna"
            ],
            "state": "AVAILABLE",
            "subnet_domain_name": "mdssub.wpmds.oraclevcn.com",
            "time_created": "2024-08-28 10:48:43.41 +0000 UTC",
            "timeouts": null,
            "vcn_id": "ocid1.vcn.oc1.eu-frankfurt-1.amaaaaaadngk4giarlmwse6uityoed2onxktc4odb2uqchv7ojhlbd6xgh3q",
            "virtual_router_ip": "10.0.2.1",
            "virtual_router_mac": "00:00:17:A5:83:D4"
          },
          "sensitive_attributes": [],
          "private": "eyJlMmJmYjczMC1lY2FhLTExZTYtOGY4OC0zNDM2M2JjN2M0YzAiOnsiY3JlYXRlIjoxMjAwMDAwMDAwMDAwLCJkZWxldGUiOjEyMDAwMDAwMDAwMDAsInVwZGF0ZSI6MTIwMDAwMDAwMDAwMH19",
          "dependencies": [
            "oci_core_security_list.FoggyKitchenMDSSecurityList",
            "oci_core_vcn.FoggyKitchenVCN"
          ]
        }
      ]
    },
    {
      "mode": "managed",
      "type": "oci_core_vcn",
      "name": "FoggyKitchenVCN",
      "provider": "provider[\"registry.terraform.io/oracle/oci\"]",
      "instances": [
        {
          "schema_version": 0,
          "attributes": {
            "byoipv6cidr_blocks": [],
            "byoipv6cidr_details": [],
            "cidr_block": "10.0.0.0/16",
            "cidr_blocks": [
              "10.0.0.0/16"
            ],
            "compartment_id": "ocid1.compartment.oc1..aaaaaaaaiyy4srmrb32v5rlniicwmpxsytywiucgbcp5ext6e4ahjfuloewa",
            "default_dhcp_options_id": "ocid1.dhcpoptions.oc1.eu-frankfurt-1.aaaaaaaavvkmhoau7caztyg4gml3g33uwftofkbvsr2xi4tbwvhaxl5xlgoq",
            "default_route_table_id": "ocid1.routetable.oc1.eu-frankfurt-1.aaaaaaaajoze7siuidahynoak2sh6su3jqzpt4v77z7mggdhgkz6juf5l6da",
            "default_security_list_id": "ocid1.securitylist.oc1.eu-frankfurt-1.aaaaaaaas2prrddynw64g7kx3musn3gk6sx4j3i4q5wt3fiuhe3wkdbmyqyq",
            "defined_tags": {},
            "display_name": "FoggyKitchenMDSVCN",
            "dns_label": "wpmds",
            "freeform_tags": {},
            "id": "ocid1.vcn.oc1.eu-frankfurt-1.amaaaaaadngk4giarlmwse6uityoed2onxktc4odb2uqchv7ojhlbd6xgh3q",
            "ipv6cidr_blocks": [],
            "ipv6private_cidr_blocks": [],
            "is_ipv6enabled": false,
            "is_oracle_gua_allocation_enabled": null,
            "state": "AVAILABLE",
            "time_created": "2024-08-28 10:48:42.277 +0000 UTC",
            "timeouts": null,
            "vcn_domain_name": "wpmds.oraclevcn.com"
          },
          "sensitive_attributes": [],
          "private": "eyJlMmJmYjczMC1lY2FhLTExZTYtOGY4OC0zNDM2M2JjN2M0YzAiOnsiY3JlYXRlIjoxMjAwMDAwMDAwMDAwLCJkZWxldGUiOjEyMDAwMDAwMDAwMDAsInVwZGF0ZSI6MTIwMDAwMDAwMDAwMH19"
        }
      ]
    },
    {
      "module": "module.oci-fk-cross-region-mds-backup",
      "mode": "managed",
      "type": "oci_mysql_mysql_backup",
      "name": "FoggyKitchenMDSCrossRegionManualBackup",
      "provider": "provider[\"registry.terraform.io/oracle/oci\"].region2",
      "instances": [
        {
          "index_key": 0,
          "schema_version": 0,
          "attributes": {
            "backup_size_in_gbs": 1,
            "backup_type": "FULL",
            "compartment_id": "ocid1.compartment.oc1..aaaaaaaaiyy4srmrb32v5rlniicwmpxsytywiucgbcp5ext6e4ahjfuloewa",
            "creation_type": "MANUAL",
            "data_storage_size_in_gb": 1024,
            "db_system_id": "ocid1.mysqldbsystem.oc1.eu-frankfurt-1.aaaaaaaaz54b4vkfgdu5xthxbvszufbztccnj36vmabsxpyss7fpovgsdoqa",
            "db_system_snapshot": [
              {
                "admin_username": "mysql",
                "availability_domain": "unja:EU-FRANKFURT-1-AD-3",
                "backup_policy": [
                  {
                    "defined_tags": {},
                    "freeform_tags": {},
                    "is_enabled": false,
                    "pitr_policy": [
                      {
                        "is_enabled": false
                      }
                    ],
                    "retention_in_days": 7,
                    "window_start_time": "05:42"
                  }
                ],
                "compartment_id": "ocid1.compartment.oc1..aaaaaaaaiyy4srmrb32v5rlniicwmpxsytywiucgbcp5ext6e4ahjfuloewa",
                "configuration_id": "ocid1.mysqlconfiguration.oc1..aaaaaaaa3nxmnfhhxmwczg6wymvx2seey2tmqmdmiifekdf77za4worikhea",
                "crash_recovery": "ENABLED",
                "data_storage": [],
                "data_storage_size_in_gb": 1024,
                "database_management": "DISABLED",
                "defined_tags": {},
                "deletion_policy": [
                  {
                    "automatic_backup_retention": "DELETE",
                    "final_backup": "SKIP_FINAL_BACKUP",
                    "is_delete_protected": false
                  }
                ],
                "description": "FoggyKitchen MySQL/Heatwave Database System",
                "display_name": "FoggyKitchenMDS",
                "endpoints": [
                  {
                    "hostname": "fkmds.mdssub.wpmds.oraclevcn.com",
                    "ip_address": "10.0.2.142",
                    "modes": [
                      "READ",
                      "WRITE"
                    ],
                    "port": 3306,
                    "port_x": 33060,
                    "resource_id": "ocid1.mysqldbsystem.oc1.eu-frankfurt-1.aaaaaaaaz54b4vkfgdu5xthxbvszufbztccnj36vmabsxpyss7fpovgsdoqa",
                    "resource_type": "DBSYSTEM",
                    "status": "ACTIVE",
                    "status_details": ""
                  }
                ],
                "fault_domain": "FAULT-DOMAIN-3",
                "freeform_tags": {},
                "hostname_label": "fkmds",
                "id": "ocid1.mysqldbsystem.oc1.eu-frankfurt-1.aaaaaaaaz54b4vkfgdu5xthxbvszufbztccnj36vmabsxpyss7fpovgsdoqa",
                "ip_address": "10.0.2.142",
                "is_highly_available": false,
                "maintenance": [
                  {
                    "window_start_time": "MONDAY 23:59"
                  }
                ],
                "mysql_version": "8.4.2",
                "port": 3306,
                "port_x": 33060,
                "region": "eu-frankfurt-1",
                "secure_connections": [
                  {
                    "certificate_generation_type": "SYSTEM",
                    "certificate_id": ""
                  }
                ],
                "shape_name": "MySQL.2",
                "subnet_id": "ocid1.subnet.oc1.eu-frankfurt-1.aaaaaaaaoub6qmjxtlofvd65ffz4prrzg3mgd756tahu5azaluw5l4orrniq"
              }
            ],
            "db_system_snapshot_summary": [],
            "defined_tags": {},
            "description": "FoggyKitchen MDS Cross-Region Backup",
            "display_name": "FoggyKitchenMDSCrossRegionBackup",
            "freeform_tags": {},
            "id": "ocid1.mysqlbackup.oc1.eu-amsterdam-1.aaaaaaaaee7ijpzhuwbjongg5uzv3fa45knxthkooq2bb6lf2j6yixlt7yjq",
            "immediate_source_backup_id": "ocid1.mysqlbackup.oc1.eu-frankfurt-1.aaaaaaaan2ydk2tidvkfzk2ymfar3smhou6lkvmlzvvfurtikj6i723atxxa",
            "lifecycle_details": null,
            "mysql_version": "8.4.2",
            "original_source_backup_id": "ocid1.mysqlbackup.oc1.eu-frankfurt-1.aaaaaaaan2ydk2tidvkfzk2ymfar3smhou6lkvmlzvvfurtikj6i723atxxa",
            "retention_in_days": 31,
            "shape_name": "MySQL.2",
            "source_details": [
              {
                "backup_id": "ocid1.mysqlbackup.oc1.eu-frankfurt-1.aaaaaaaan2ydk2tidvkfzk2ymfar3smhou6lkvmlzvvfurtikj6i723atxxa",
                "compartment_id": "ocid1.compartment.oc1..aaaaaaaaiyy4srmrb32v5rlniicwmpxsytywiucgbcp5ext6e4ahjfuloewa",
                "region": "eu-frankfurt-1"
              }
            ],
            "state": "ACTIVE",
            "time_copy_created": "2024-08-28 11:08:03.056 +0000 UTC",
            "time_created": "2024-08-28 10:59:20.212 +0000 UTC",
            "time_updated": "2024-08-28 11:25:34.119 +0000 UTC",
            "timeouts": null
          },
          "sensitive_attributes": [],
          "private": "eyJlMmJmYjczMC1lY2FhLTExZTYtOGY4OC0zNDM2M2JjN2M0YzAiOnsiY3JlYXRlIjoxMjAwMDAwMDAwMDAwLCJkZWxldGUiOjEyMDAwMDAwMDAwMDAsInVwZGF0ZSI6MTIwMDAwMDAwMDAwMH19",
          "dependencies": [
            "module.oci-fk-mds.oci_core_security_list.FoggyKitchenMDSSecurityList",
            "module.oci-fk-mds.oci_core_subnet.FoggyKitchenPrivateSubnet",
            "module.oci-fk-mds.oci_core_subnet.FoggyKitchenPublicSubnet",
            "module.oci-fk-mds.oci_core_vcn.FoggyKitchenVCN",
            "module.oci-fk-mds.oci_mysql_mysql_backup.FoggyKitchenMDSManualBackup",
            "module.oci-fk-mds.oci_mysql_mysql_db_system.FoggyKitchenMDS",
            "oci_core_security_list.FoggyKitchenMDSSecurityList",
            "oci_core_subnet.FoggyKitchenPrivateSubnet",
            "oci_core_vcn.FoggyKitchenVCN"
          ]
        }
      ]
    },
    {
      "module": "module.oci-fk-mds",
      "mode": "managed",
      "type": "oci_mysql_mysql_backup",
      "name": "FoggyKitchenMDSManualBackup",
      "provider": "provider[\"registry.terraform.io/oracle/oci\"].region1",
      "instances": [
        {
          "index_key": 0,
          "schema_version": 0,
          "attributes": {
            "backup_size_in_gbs": 1,
            "backup_type": "FULL",
            "compartment_id": "ocid1.compartment.oc1..aaaaaaaaiyy4srmrb32v5rlniicwmpxsytywiucgbcp5ext6e4ahjfuloewa",
            "creation_type": "MANUAL",
            "data_storage_size_in_gb": 1024,
            "db_system_id": "ocid1.mysqldbsystem.oc1.eu-frankfurt-1.aaaaaaaaz54b4vkfgdu5xthxbvszufbztccnj36vmabsxpyss7fpovgsdoqa",
            "db_system_snapshot": [
              {
                "admin_username": "mysql",
                "availability_domain": "unja:EU-FRANKFURT-1-AD-3",
                "backup_policy": [
                  {
                    "defined_tags": {},
                    "freeform_tags": {},
                    "is_enabled": false,
                    "pitr_policy": [
                      {
                        "is_enabled": false
                      }
                    ],
                    "retention_in_days": 7,
                    "window_start_time": "05:42"
                  }
                ],
                "compartment_id": "ocid1.compartment.oc1..aaaaaaaaiyy4srmrb32v5rlniicwmpxsytywiucgbcp5ext6e4ahjfuloewa",
                "configuration_id": "ocid1.mysqlconfiguration.oc1..aaaaaaaa3nxmnfhhxmwczg6wymvx2seey2tmqmdmiifekdf77za4worikhea",
                "crash_recovery": "ENABLED",
                "data_storage": [],
                "data_storage_size_in_gb": 1024,
                "database_management": "DISABLED",
                "defined_tags": {},
                "deletion_policy": [
                  {
                    "automatic_backup_retention": "DELETE",
                    "final_backup": "SKIP_FINAL_BACKUP",
                    "is_delete_protected": false
                  }
                ],
                "description": "FoggyKitchen MySQL/Heatwave Database System",
                "display_name": "FoggyKitchenMDS",
                "endpoints": [
                  {
                    "hostname": "fkmds.mdssub.wpmds.oraclevcn.com",
                    "ip_address": "10.0.2.142",
                    "modes": [
                      "READ",
                      "WRITE"
                    ],
                    "port": 3306,
                    "port_x": 33060,
                    "resource_id": "ocid1.mysqldbsystem.oc1.eu-frankfurt-1.aaaaaaaaz54b4vkfgdu5xthxbvszufbztccnj36vmabsxpyss7fpovgsdoqa",
                    "resource_type": "DBSYSTEM",
                    "status": "ACTIVE",
                    "status_details": ""
                  }
                ],
                "fault_domain": "FAULT-DOMAIN-3",
                "freeform_tags": {},
                "hostname_label": "fkmds",
                "id": "ocid1.mysqldbsystem.oc1.eu-frankfurt-1.aaaaaaaaz54b4vkfgdu5xthxbvszufbztccnj36vmabsxpyss7fpovgsdoqa",
                "ip_address": "10.0.2.142",
                "is_highly_available": false,
                "maintenance": [
                  {
                    "window_start_time": "MONDAY 23:59"
                  }
                ],
                "mysql_version": "8.4.2",
                "port": 3306,
                "port_x": 33060,
                "region": "eu-frankfurt-1",
                "secure_connections": [
                  {
                    "certificate_generation_type": "SYSTEM",
                    "certificate_id": ""
                  }
                ],
                "shape_name": "MySQL.2",
                "subnet_id": "ocid1.subnet.oc1.eu-frankfurt-1.aaaaaaaaoub6qmjxtlofvd65ffz4prrzg3mgd756tahu5azaluw5l4orrniq"
              }
            ],
            "db_system_snapshot_summary": [],
            "defined_tags": {},
            "description": "FoggyKitchen MDS Manual Backup",
            "display_name": "FoggyKitchenMDSManualBackup",
            "freeform_tags": {},
            "id": "ocid1.mysqlbackup.oc1.eu-frankfurt-1.aaaaaaaan2ydk2tidvkfzk2ymfar3smhou6lkvmlzvvfurtikj6i723atxxa",
            "immediate_source_backup_id": null,
            "lifecycle_details": null,
            "mysql_version": "8.4.2",
            "original_source_backup_id": null,
            "retention_in_days": 31,
            "shape_name": "MySQL.2",
            "source_details": [],
            "state": "ACTIVE",
            "time_copy_created": null,
            "time_created": "2024-08-28 10:59:20.212 +0000 UTC",
            "time_updated": "2024-08-28 11:25:33.871 +0000 UTC",
            "timeouts": null
          },
          "sensitive_attributes": [],
          "private": "eyJlMmJmYjczMC1lY2FhLTExZTYtOGY4OC0zNDM2M2JjN2M0YzAiOnsiY3JlYXRlIjoxMjAwMDAwMDAwMDAwLCJkZWxldGUiOjEyMDAwMDAwMDAwMDAsInVwZGF0ZSI6MTIwMDAwMDAwMDAwMH19",
          "dependencies": [
            "module.oci-fk-mds.oci_core_security_list.FoggyKitchenMDSSecurityList",
            "module.oci-fk-mds.oci_core_subnet.FoggyKitchenPrivateSubnet",
            "module.oci-fk-mds.oci_core_subnet.FoggyKitchenPublicSubnet",
            "module.oci-fk-mds.oci_core_vcn.FoggyKitchenVCN",
            "module.oci-fk-mds.oci_mysql_mysql_db_system.FoggyKitchenMDS",
            "oci_core_security_list.FoggyKitchenMDSSecurityList",
            "oci_core_subnet.FoggyKitchenPrivateSubnet",
            "oci_core_vcn.FoggyKitchenVCN"
          ]
        }
      ]
    },
    {
      "module": "module.oci-fk-mds",
      "mode": "managed",
      "type": "oci_mysql_mysql_db_system",
      "name": "FoggyKitchenMDS",
      "provider": "provider[\"registry.terraform.io/oracle/oci\"].region1",
      "instances": [
        {
          "index_key": 0,
          "schema_version": 0,
          "attributes": {
            "admin_password": "BEstrO0ng_#11",
            "admin_username": "mysql",
            "availability_domain": "unja:EU-FRANKFURT-1-AD-3",
            "backup_policy": [
              {
                "defined_tags": {},
                "freeform_tags": {},
                "is_enabled": false,
                "pitr_policy": [
                  {
                    "is_enabled": false
                  }
                ],
                "retention_in_days": 7,
                "window_start_time": "05:42"
              }
            ],
            "channels": [],
            "compartment_id": "ocid1.compartment.oc1..aaaaaaaaiyy4srmrb32v5rlniicwmpxsytywiucgbcp5ext6e4ahjfuloewa",
            "configuration_id": "ocid1.mysqlconfiguration.oc1..aaaaaaaa3nxmnfhhxmwczg6wymvx2seey2tmqmdmiifekdf77za4worikhea",
            "crash_recovery": "ENABLED",
            "current_placement": [
              {
                "availability_domain": "unja:EU-FRANKFURT-1-AD-3",
                "fault_domain": "FAULT-DOMAIN-3"
              }
            ],
            "customer_contacts": [],
            "data_storage": [
              {
                "allocated_storage_size_in_gbs": 1024,
                "data_storage_size_in_gb": 1024,
                "data_storage_size_limit_in_gbs": 98304,
                "is_auto_expand_storage_enabled": false,
                "max_storage_size_in_gbs": 0
              }
            ],
            "data_storage_size_in_gb": 1024,
            "database_management": "DISABLED",
            "defined_tags": {},
            "deletion_policy": [
              {
                "automatic_backup_retention": "DELETE",
                "final_backup": "SKIP_FINAL_BACKUP",
                "is_delete_protected": false
              }
            ],
            "description": "FoggyKitchen MySQL/Heatwave Database System",
            "display_name": "FoggyKitchenMDS",
            "endpoints": [
              {
                "hostname": "fkmds.mdssub.wpmds.oraclevcn.com",
                "ip_address": "10.0.2.142",
                "modes": [
                  "READ",
                  "WRITE"
                ],
                "port": 3306,
                "port_x": 33060,
                "resource_id": "ocid1.mysqldbsystem.oc1.eu-frankfurt-1.aaaaaaaaz54b4vkfgdu5xthxbvszufbztccnj36vmabsxpyss7fpovgsdoqa",
                "resource_type": "DBSYSTEM",
                "status": "ACTIVE",
                "status_details": ""
              }
            ],
            "fault_domain": "FAULT-DOMAIN-3",
            "freeform_tags": {},
            "heat_wave_cluster": [],
            "hostname_label": "fkmds",
            "id": "ocid1.mysqldbsystem.oc1.eu-frankfurt-1.aaaaaaaaz54b4vkfgdu5xthxbvszufbztccnj36vmabsxpyss7fpovgsdoqa",
            "ip_address": "10.0.2.142",
            "is_heat_wave_cluster_attached": false,
            "is_highly_available": false,
            "lifecycle_details": "",
            "maintenance": [
              {
                "window_start_time": "MONDAY 23:59"
              }
            ],
            "mysql_version": "8.4.2",
            "point_in_time_recovery_details": [],
            "port": 3306,
            "port_x": 33060,
            "secure_connections": [
              {
                "certificate_generation_type": "SYSTEM",
                "certificate_id": ""
              }
            ],
            "shape_name": "MySQL.2",
            "shutdown_type": null,
            "source": [
              {
                "backup_id": "",
                "db_system_id": "",
                "recovery_point": "",
                "source_type": "NONE",
                "source_url": ""
              }
            ],
            "state": "ACTIVE",
            "subnet_id": "ocid1.subnet.oc1.eu-frankfurt-1.aaaaaaaaoub6qmjxtlofvd65ffz4prrzg3mgd756tahu5azaluw5l4orrniq",
            "time_created": "2024-08-28 10:48:47.776 +0000 UTC",
            "time_updated": "2024-08-28 11:01:36.15 +0000 UTC",
            "timeouts": null
          },
          "sensitive_attributes": [],
          "private": "eyJlMmJmYjczMC1lY2FhLTExZTYtOGY4OC0zNDM2M2JjN2M0YzAiOnsiY3JlYXRlIjozNjAwMDAwMDAwMDAwLCJkZWxldGUiOjM2MDAwMDAwMDAwMDAsInVwZGF0ZSI6MzYwMDAwMDAwMDAwMH19",
          "dependencies": [
            "module.oci-fk-mds.oci_core_security_list.FoggyKitchenMDSSecurityList",
            "module.oci-fk-mds.oci_core_subnet.FoggyKitchenPrivateSubnet",
            "module.oci-fk-mds.oci_core_subnet.FoggyKitchenPublicSubnet",
            "module.oci-fk-mds.oci_core_vcn.FoggyKitchenVCN",
            "oci_core_security_list.FoggyKitchenMDSSecurityList",
            "oci_core_subnet.FoggyKitchenPrivateSubnet",
            "oci_core_vcn.FoggyKitchenVCN"
          ]
        }
      ]
    }
  ],
  "check_results": null
}
